
Microsoft Visual Studio Solution File, Format Version 12.00
# Visual Studio Version 17
VisualStudioVersion = 17.1.32328.378
MinimumVisualStudioVersion = 10.0.40219.1
Project("{FAE04EC0-301F-11D3-BF4B-00C04F79EFBC}") = "SoccerGame", "SoccerGame\SoccerGame.csproj", "{34EF9454-F6F3-451B-9B43-29D322782814}"
EndProject
Global
	GlobalSection(SolutionConfigurationPlatforms) = preSolution
		Debug|Any CPU = Debug|Any CPU
		Release|Any CPU = Release|Any CPU
	EndGlobalSection
	GlobalSection(ProjectConfigurationPlatforms) = postSolution
		{34EF9454-F6F3-451B-9B43-29D322782814}.Debug|Any CPU.ActiveCfg = Debug|Any CPU
		{34EF9454-F6F3-451B-9B43-29D322782814}.Debug|Any CPU.Build.0 = Debug|Any CPU
		{34EF9454-F6F3-451B-9B43-29D322782814}.Release|Any CPU.ActiveCfg = Release|Any CPU
		{34EF9454-F6F3-451B-9B43-29D322782814}.Release|Any CPU.Build.0 = Release|Any CPU
	EndGlobalSection
	GlobalSection(SolutionProperties) = preSolution
		HideSolutionNode = FALSE
	EndGlobalSection
	GlobalSection(ExtensibilityGlobals) = postSolution
		SolutionGuid = {931648FB-5B15-49F8-976F-89544B708112}
	EndGlobalSection
EndGlobal
